// !$*UTF8*$!
{
	archiveVersion = 1;
	classes = {
	};
	objectVersion = 56;
	objects = {

/* Begin PBXBuildFile section */
		75A395822CC801DE0068F76A /* AppDelegate.m in Sources */ = {isa = PBXBuildFile; fileRef = 75A395812CC801DE0068F76A /* AppDelegate.m */; };
		75A395852CC801DE0068F76A /* SceneDelegate.m in Sources */ = {isa = PBXBuildFile; fileRef = 75A395842CC801DE0068F76A /* SceneDelegate.m */; };
		75A395882CC801DE0068F76A /* ViewController.m in Sources */ = {isa = PBXBuildFile; fileRef = 75A395872CC801DE0068F76A /* ViewController.m */; };
		75A3958B2CC801DE0068F76A /* Main.storyboard in Resources */ = {isa = PBXBuildFile; fileRef = 75A395892CC801DE0068F76A /* Main.storyboard */; };
		75A3958D2CC801E40068F76A /* Assets.xcassets in Resources */ = {isa = PBXBuildFile; fileRef = 75A3958C2CC801E40068F76A /* Assets.xcassets */; };
		75A395902CC801E40068F76A /* LaunchScreen.storyboard in Resources */ = {isa = PBXBuildFile; fileRef = 75A3958E2CC801E40068F76A /* LaunchScreen.storyboard */; };
		75A395932CC801E40068F76A /* main.m in Sources */ = {isa = PBXBuildFile; fileRef = 75A395922CC801E40068F76A /* main.m */; };
/* End PBXBuildFile section */

/* Begin PBXFileReference section */
		75A3957D2CC801DE0068F76A /* appPicker2ColsProductos.app */ = {isa = PBXFileReference; explicitFileType = wrapper.application; includeInIndex = 0; path = appPicker2ColsProductos.app; sourceTree = BUILT_PRODUCTS_DIR; };
		75A395802CC801DE0068F76A /* AppDelegate.h */ = {isa = PBXFileReference; lastKnownFileType = sourcecode.c.h; path = AppDelegate.h; sourceTree = "<group>"; };
		75A395812CC801DE0068F76A /* AppDelegate.m */ = {isa = PBXFileReference; lastKnownFileType = sourcecode.c.objc; path = AppDelegate.m; sourceTree = "<group>"; };
		75A395832CC801DE0068F76A /* SceneDelegate.h */ = {isa = PBXFileReference; lastKnownFileType = sourcecode.c.h; path = SceneDelegate.h; sourceTree = "<group>"; };
		75A395842CC801DE0068F76A /* SceneDelegate.m */ = {isa = PBXFileReference; lastKnownFileType = sourcecode.c.objc; path = SceneDelegate.m; sourceTree = "<group>"; };
		75A395862CC801DE0068F76A /* ViewController.h */ = {isa = PBXFileReference; lastKnownFileType = sourcecode.c.h; path = ViewController.h; sourceTree = "<group>"; };
		75A395872CC801DE0068F76A /* ViewController.m */ = {isa = PBXFileReference; lastKnownFileType = sourcecode.c.objc; path = ViewController.m; sourceTree = "<group>"; };
		75A3958A2CC801DE0068F76A /* Base */ = {isa = PBXFileReference; lastKnownFileType = file.storyboard; name = Base; path = Base.lproj/Main.storyboard; sourceTree = "<group>"; };
		75A3958C2CC801E40068F76A /* Assets.xcassets */ = {isa = PBXFileReference; lastKnownFileType = folder.assetcatalog; path = Assets.xcassets; sourceTree = "<group>"; };
		75A3958F2CC801E40068F76A /* Base */ = {isa = PBXFileReference; lastKnownFileType = file.storyboard; name = Base; path = Base.lproj/LaunchScreen.storyboard; sourceTree = "<group>"; };
		75A395912CC801E40068F76A /* Info.plist */ = {isa = PBXFileReference; lastKnownFileType = text.plist.xml; path = Info.plist; sourceTree = "<group>"; };
		75A395922CC801E40068F76A /* main.m */ = {isa = PBXFileReference; lastKnownFileType = sourcecode.c.objc; path = main.m; sourceTree = "<group>"; };
/* End PBXFileReference section */

/* Begin PBXFrameworksBuildPhase section */
		75A3957A2CC801DE0068F76A /* Frameworks */ = {
			isa = PBXFrameworksBuildPhase;
			buildActionMask = 2147483647;
			files = (
			);
			runOnlyForDeploymentPostprocessing = 0;
		};
/* End PBXFrameworksBuildPhase section */

/* Begin PBXGroup section */
		75A395742CC801DE0068F76A = {
			isa = PBXGroup;
			children = (
				75A3957F2CC801DE0068F76A /* appPicker2ColsProductos */,
				75A3957E2CC801DE0068F76A /* Products */,
			);
			sourceTree = "<group>";
		};
		75A3957E2CC801DE0068F76A /* Products */ = {
			isa = PBXGroup;
			children = (
				75A3957D2CC801DE0068F76A /* appPicker2ColsProductos.app */,
			);
			name = Products;
			sourceTree = "<group>";
		};
		75A3957F2CC801DE0068F76A /* appPicker2ColsProductos */ = {
			isa = PBXGroup;
			children = (
				75A395802CC801DE0068F76A /* AppDelegate.h */,
				75A395812CC801DE0068F76A /* AppDelegate.m */,
				75A395832CC801DE0068F76A /* SceneDelegate.h */,
				75A395842CC801DE0068F76A /* SceneDelegate.m */,
				75A395862CC801DE0068F76A /* ViewController.h */,
				75A395872CC801DE0068F76A /* ViewController.m */,
				75A395892CC801DE0068F76A /* Main.storyboard */,
				75A3958C2CC801E40068F76A /* Assets.xcassets */,
				75A3958E2CC801E40068F76A /* LaunchScreen.storyboard */,
				75A395912CC801E40068F76A /* Info.plist */,
				75A395922CC801E40068F76A /* main.m */,
			);
			path = appPicker2ColsProductos;
			sourceTree = "<group>";
		};
/* End PBXGroup section */

/* Begin PBXNativeTarget section */
		75A3957C2CC801DE0068F76A /* appPicker2ColsProductos */ = {
			isa = PBXNativeTarget;
			buildConfigurationList = 75A395962CC801E40068F76A /* Build configuration list for PBXNativeTarget "appPicker2ColsProductos" */;
			buildPhases = (
				75A395792CC801DE0068F76A /* Sources */,
				75A3957A2CC801DE0068F76A /* Frameworks */,
				75A3957B2CC801DE0068F76A /* Resources */,
			);
			buildRules = (
			);
			dependencies = (
			);
			name = appPicker2ColsProductos;
			productName = appPicker2ColsProductos;
			productReference = 75A3957D2CC801DE0068F76A /* appPicker2ColsProductos.app */;
			productType = "com.apple.product-type.application";
		};
/* End PBXNativeTarget section */

/* Begin PBXProject section */
		75A395752CC801DE0068F76A /* Project object */ = {
			isa = PBXProject;
			attributes = {
				BuildIndependentTargetsInParallel = 1;
				LastUpgradeCheck = 1420;
				TargetAttributes = {
					75A3957C2CC801DE0068F76A = {
						CreatedOnToolsVersion = 14.2;
					};
				};
			};
			buildConfigurationList = 75A395782CC801DE0068F76A /* Build configuration list for PBXProject "appPicker2ColsProductos" */;
			compatibilityVersion = "Xcode 14.0";
			developmentRegion = en;
			hasScannedForEncodings = 0;
			knownRegions = (
				en,
				Base,
			);
			mainGroup = 75A395742CC801DE0068F76A;
			productRefGroup = 75A3957E2CC801DE0068F76A /* Products */;
			projectDirPath = "";
			projectRoot = "";
			targets = (
				75A3957C2CC801DE0068F76A /* appPicker2ColsProductos */,
			);
		};
/* End PBXProject section */

/* Begin PBXResourcesBuildPhase section */
		75A3957B2CC801DE0068F76A /* Resources */ = {
			isa = PBXResourcesBuildPhase;
			buildActionMask = 2147483647;
			files = (
				75A395902CC801E40068F76A /* LaunchScreen.storyboard in Resources */,
				75A3958D2CC801E40068F76A /* Assets.xcassets in Resources */,
				75A3958B2CC801DE0068F76A /* Main.storyboard in Resources */,
			);
			runOnlyForDeploymentPostprocessing = 0;
		};
/* End PBXResourcesBuildPhase section */

/* Begin PBXSourcesBuildPhase section */
		75A395792CC801DE0068F76A /* Sources */ = {
			isa = PBXSourcesBuildPhase;
			buildActionMask = 2147483647;
			files = (
				75A395882CC801DE0068F76A /* ViewController.m in Sources */,
				75A395822CC801DE0068F76A /* AppDelegate.m in Sources */,
				75A395932CC801E40068F76A /* main.m in Sources */,
				75A395852CC801DE0068F76A /* SceneDelegate.m in Sources */,
			);
			runOnlyForDeploymentPostprocessing = 0;
		};
/* End PBXSourcesBuildPhase section */

/* Begin PBXVariantGroup section */
		75A395892CC801DE0068F76A /* Main.storyboard */ = {
			isa = PBXVariantGroup;
			children = (
				75A3958A2CC801DE0068F76A /* Base */,
			);
			name = Main.storyboard;
			sourceTree = "<group>";
		};
		75A3958E2CC801E40068F76A /* LaunchScreen.storyboard */ = {
			isa = PBXVariantGroup;
			children = (
				75A3958F2CC801E40068F76A /* Base */,
			);
			name = LaunchScreen.storyboard;
			sourceTree = "<group>";
		};
/* End PBXVariantGroup section */

/* Begin XCBuildConfiguration section */
		75A395942CC801E40068F76A /* Debug */ = {
			isa = XCBuildConfiguration;
			buildSettings = {
				ALWAYS_SEARCH_USER_PATHS = NO;
				CLANG_ANALYZER_NONNULL = YES;
				CLANG_ANALYZER_NUMBER_OBJECT_CONVERSION = YES_AGGRESSIVE;
				CLANG_CXX_LANGUAGE_STANDARD = "gnu++20";
				CLANG_ENABLE_MODULES = YES;
				CLANG_ENABLE_OBJC_ARC = YES;
				CLANG_ENABLE_OBJC_WEAK = YES;
				CLANG_WARN_BLOCK_CAPTURE_AUTORELEASING = YES;
				CLANG_WARN_BOOL_CONVERSION = YES;
				CLANG_WARN_COMMA = YES;
				CLANG_WARN_CONSTANT_CONVERSION = YES;
				CLANG_WARN_DEPRECATED_OBJC_IMPLEMENTATIONS = YES;
				CLANG_WARN_DIRECT_OBJC_ISA_USAGE = YES_ERROR;
				CLANG_WARN_DOCUMENTATION_COMMENTS = YES;
				CLANG_WARN_EMPTY_BODY = YES;
				CLANG_WARN_ENUM_CONVERSION = YES;
				CLANG_WARN_INFINITE_RECURSION = YES;
				CLANG_WARN_INT_CONVERSION = YES;
				CLANG_WARN_NON_LITERAL_NULL_CONVERSION = YES;
				CLANG_WARN_OBJC_IMPLICIT_RETAIN_SELF = YES;
				CLANG_WARN_OBJC_LITERAL_CONVERSION = YES;
				CLANG_WARN_OBJC_ROOT_CLASS = YES_ERROR;
				CLANG_WARN_QUOTED_INCLUDE_IN_FRAMEWORK_HEADER = YES;
				CLANG_WARN_RANGE_LOOP_ANALYSIS = YES;
				CLANG_WARN_STRICT_PROTOTYPES = YES;
				CLANG_WARN_SUSPICIOUS_MOVE = YES;
				CLANG_WARN_UNGUARDED_AVAILABILITY = YES_AGGRESSIVE;
				CLANG_WARN_UNREACHABLE_CODE = YES;
				CLANG_WARN__DUPLICATE_METHOD_MATCH = YES;
				COPY_PHASE_STRIP = NO;
				DEBUG_INFORMATION_FORMAT = dwarf;
				ENABLE_STRICT_OBJC_MSGSEND = YES;
				ENABLE_TESTABILITY = YES;
				GCC_C_LANGUAGE_STANDARD = gnu11;
				GCC_DYNAMIC_NO_PIC = NO;
				GCC_NO_COMMON_BLOCKS = YES;
				GCC_OPTIMIZATION_LEVEL = 0;
				GCC_PREPROCESSOR_DEFINITIONS = (
					"DEBUG=1",
					"$(inherited)",
				);
				GCC_WARN_64_TO_32_BIT_CONVERSION = YES;
				GCC_WARN_ABOUT_RETURN_TYPE = YES_ERROR;
				GCC_WARN_UNDECLARED_SELECTOR = YES;
				GCC_WARN_UNINITIALIZED_AUTOS = YES_AGGRESSIVE;
				GCC_WARN_UNUSED_FUNCTION = YES;
				GCC_WARN_UNUSED_VARIABLE = YES;
				IPHONEOS_DEPLOYMENT_TARGET = 16.2;
				MTL_ENABLE_DEBUG_INFO = INCLUDE_SOURCE;
				MTL_FAST_MATH = YES;
				ONLY_ACTIVE_ARCH = YES;
				SDKROOT = iphoneos;
			};
			name = Debug;
		};
		75A395952CC801E40068F76A /* Release */ = {
			isa = XCBuildConfiguration;
			buildSettings = {
				ALWAYS_SEARCH_USER_PATHS = NO;
				CLANG_ANALYZER_NONNULL = YES;
				CLANG_ANALYZER_NUMBER_OBJECT_CONVERSION = YES_AGGRESSIVE;
				CLANG_CXX_LANGUAGE_STANDARD = "gnu++20";
				CLANG_ENABLE_MODULES = YES;
				CLANG_ENABLE_OBJC_ARC = YES;
				CLANG_ENABLE_OBJC_WEAK = YES;
				CLANG_WARN_BLOCK_CAPTURE_AUTORELEASING = YES;
				CLANG_WARN_BOOL_CONVERSION = YES;
				CLANG_WARN_COMMA = YES;
				CLANG_WARN_CONSTANT_CONVERSION = YES;
				CLANG_WARN_DEPRECATED_OBJC_IMPLEMENTATIONS = YES;
				CLANG_WARN_DIRECT_OBJC_ISA_USAGE = YES_ERROR;
				CLANG_WARN_DOCUMENTATION_COMMENTS = YES;
				CLANG_WARN_EMPTY_BODY = YES;
				CLANG_WARN_ENUM_CONVERSION = YES;
				CLANG_WARN_INFINITE_RECURSION = YES;
				CLANG_WARN_INT_CONVERSION = YES;
				CLANG_WARN_NON_LITERAL_NULL_CONVERSION = YES;
				CLANG_WARN_OBJC_IMPLICIT_RETAIN_SELF = YES;
				CLANG_WARN_OBJC_LITERAL_CONVERSION = YES;
				CLANG_WARN_OBJC_ROOT_CLASS = YES_ERROR;
				CLANG_WARN_QUOTED_INCLUDE_IN_FRAMEWORK_HEADER = YES;
				CLANG_WARN_RANGE_LOOP_ANALYSIS = YES;
				CLANG_WARN_STRICT_PROTOTYPES = YES;
				CLANG_WARN_SUSPICIOUS_MOVE = YES;
				CLANG_WARN_UNGUARDED_AVAILABILITY = YES_AGGRESSIVE;
				CLANG_WARN_UNREACHABLE_CODE = YES;
				CLANG_WARN__DUPLICATE_METHOD_MATCH = YES;
				COPY_PHASE_STRIP = NO;
				DEBUG_INFORMATION_FORMAT = "dwarf-with-dsym";
				ENABLE_NS_ASSERTIONS = NO;
				ENABLE_STRICT_OBJC_MSGSEND = YES;
				GCC_C_LANGUAGE_STANDARD = gnu11;
				GCC_NO_COMMON_BLOCKS = YES;
				GCC_WARN_64_TO_32_BIT_CONVERSION = YES;
				GCC_WARN_ABOUT_RETURN_TYPE = YES_ERROR;
				GCC_WARN_UNDECLARED_SELECTOR = YES;
				GCC_WARN_UNINITIALIZED_AUTOS = YES_AGGRESSIVE;
				GCC_WARN_UNUSED_FUNCTION = YES;
				GCC_WARN_UNUSED_VARIABLE = YES;
				IPHONEOS_DEPLOYMENT_TARGET = 16.2;
				MTL_ENABLE_DEBUG_INFO = NO;
				MTL_FAST_MATH = YES;
				SDKROOT = iphoneos;
				VALIDATE_PRODUCT = YES;
			};
			name = Release;
		};
		75A395972CC801E40068F76A /* Debug */ = {
			isa = XCBuildConfiguration;
			buildSettings = {
				ASSETCATALOG_COMPILER_APPICON_NAME = AppIcon;
				ASSETCATALOG_COMPILER_GLOBAL_ACCENT_COLOR_NAME = AccentColor;
				CODE_SIGN_STYLE = Automatic;
				CURRENT_PROJECT_VERSION = 1;
				DEVELOPMENT_TEAM = TDU5N23NC8;
				GENERATE_INFOPLIST_FILE = YES;
				INFOPLIST_FILE = appPicker2ColsProductos/Info.plist;
				INFOPLIST_KEY_UIApplicationSupportsIndirectInputEvents = YES;
				INFOPLIST_KEY_UILaunchStoryboardName = LaunchScreen;
				INFOPLIST_KEY_UIMainStoryboardFile = Main;
				INFOPLIST_KEY_UISupportedInterfaceOrientations_iPad = "UIInterfaceOrientationPortrait UIInterfaceOrientationPortraitUpsideDown UIInterfaceOrientationLandscapeLeft UIInterfaceOrientationLandscapeRight";
				INFOPLIST_KEY_UISupportedInterfaceOrientations_iPhone = "UIInterfaceOrientationPortrait UIInterfaceOrientationLandscapeLeft UIInterfaceOrientationLandscapeRight";
				IPHONEOS_DEPLOYMENT_TARGET = 15.0;
				LD_RUNPATH_SEARCH_PATHS = (
					"$(inherited)",
					"@executable_path/Frameworks",
				);
				MARKETING_VERSION = 1.0;
				PRODUCT_BUNDLE_IDENTIFIER = itlag.appPicker2ColsProductos;
				PRODUCT_NAME = "$(TARGET_NAME)";
				SWIFT_EMIT_LOC_STRINGS = YES;
				TARGETED_DEVICE_FAMILY = "1,2";
			};
			name = Debug;
		};
		75A395982CC801E40068F76A /* Release */ = {
			isa = XCBuildConfiguration;
			buildSettings = {
				ASSETCATALOG_COMPILER_APPICON_NAME = AppIcon;
				ASSETCATALOG_COMPILER_GLOBAL_ACCENT_COLOR_NAME = AccentColor;
				CODE_SIGN_STYLE = Automatic;
				CURRENT_PROJECT_VERSION = 1;
				DEVELOPMENT_TEAM = TDU5N23NC8;
				GENERATE_INFOPLIST_FILE = YES;
				INFOPLIST_FILE = appPicker2ColsProductos/Info.plist;
				INFOPLIST_KEY_UIApplicationSupportsIndirectInputEvents = YES;
				INFOPLIST_KEY_UILaunchStoryboardName = LaunchScreen;
				INFOPLIST_KEY_UIMainStoryboardFile = Main;
				INFOPLIST_KEY_UISupportedInterfaceOrientations_iPad = "UIInterfaceOrientationPortrait UIInterfaceOrientationPortraitUpsideDown UIInterfaceOrientationLandscapeLeft UIInterfaceOrientationLandscapeRight";
				INFOPLIST_KEY_UISupportedInterfaceOrientations_iPhone = "UIInterfaceOrientationPortrait UIInterfaceOrientationLandscapeLeft UIInterfaceOrientationLandscapeRight";
				IPHONEOS_DEPLOYMENT_TARGET = 15.0;
				LD_RUNPATH_SEARCH_PATHS = (
					"$(inherited)",
					"@executable_path/Frameworks",
				);
				MARKETING_VERSION = 1.0;
				PRODUCT_BUNDLE_IDENTIFIER = itlag.appPicker2ColsProductos;
				PRODUCT_NAME = "$(TARGET_NAME)";
				SWIFT_EMIT_LOC_STRINGS = YES;
				TARGETED_DEVICE_FAMILY = "1,2";
			};
			name = Release;
		};
/* End XCBuildConfiguration section */

/* Begin XCConfigurationList section */
		75A395782CC801DE0068F76A /* Build configuration list for PBXProject "appPicker2ColsProductos" */ = {
			isa = XCConfigurationList;
			buildConfigurations = (
				75A395942CC801E40068F76A /* Debug */,
				75A395952CC801E40068F76A /* Release */,
			);
			defaultConfigurationIsVisible = 0;
			defaultConfigurationName = Release;
		};
		75A395962CC801E40068F76A /* Build configuration list for PBXNativeTarget "appPicker2ColsProductos" */ = {
			isa = XCConfigurationList;
			buildConfigurations = (
				75A395972CC801E40068F76A /* Debug */,
				75A395982CC801E40068F76A /* Release */,
			);
			defaultConfigurationIsVisible = 0;
			defaultConfigurationName = Release;
		};
/* End XCConfigurationList section */
	};
	rootObject = 75A395752CC801DE0068F76A /* Project object */;
}
